
Microsoft Visual Studio Solution File, Format Version 12.00
# Visual Studio Version 17
VisualStudioVersion = 17.11.35312.102
MinimumVisualStudioVersion = 10.0.40219.1
Project("{9A19103F-16F7-4668-BE54-9A1E7A4F7556}") = "School", "School\School.csproj", "{88A583E4-4669-4CE2-A875-4D4C20002025}"
EndProject
Project("{9A19103F-16F7-4668-BE54-9A1E7A4F7556}") = "ServerOfSchool", "ServerOfSchool\ServerOfSchool.csproj", "{48AD7643-0E3F-49DA-904E-CB7BB44F4324}"
EndProject
Project("{54A90642-561A-4BB1-A94E-469ADEE60C69}") = "SchoolView", "SchoolView\SchoolView.esproj", "{9085887E-09A7-4F39-BB7D-34D376E1654F}"
EndProject
Global
	GlobalSection(SolutionConfigurationPlatforms) = preSolution
		Debug|Any CPU = Debug|Any CPU
		Release|Any CPU = Release|Any CPU
	EndGlobalSection
	GlobalSection(ProjectConfigurationPlatforms) = postSolution
		{88A583E4-4669-4CE2-A875-4D4C20002025}.Debug|Any CPU.ActiveCfg = Debug|Any CPU
		{88A583E4-4669-4CE2-A875-4D4C20002025}.Debug|Any CPU.Build.0 = Debug|Any CPU
		{88A583E4-4669-4CE2-A875-4D4C20002025}.Release|Any CPU.ActiveCfg = Release|Any CPU
		{88A583E4-4669-4CE2-A875-4D4C20002025}.Release|Any CPU.Build.0 = Release|Any CPU
		{48AD7643-0E3F-49DA-904E-CB7BB44F4324}.Debug|Any CPU.ActiveCfg = Debug|Any CPU
		{48AD7643-0E3F-49DA-904E-CB7BB44F4324}.Debug|Any CPU.Build.0 = Debug|Any CPU
		{48AD7643-0E3F-49DA-904E-CB7BB44F4324}.Release|Any CPU.ActiveCfg = Release|Any CPU
		{48AD7643-0E3F-49DA-904E-CB7BB44F4324}.Release|Any CPU.Build.0 = Release|Any CPU
		{9085887E-09A7-4F39-BB7D-34D376E1654F}.Debug|Any CPU.ActiveCfg = Debug|Any CPU
		{9085887E-09A7-4F39-BB7D-34D376E1654F}.Debug|Any CPU.Build.0 = Debug|Any CPU
		{9085887E-09A7-4F39-BB7D-34D376E1654F}.Debug|Any CPU.Deploy.0 = Debug|Any CPU
		{9085887E-09A7-4F39-BB7D-34D376E1654F}.Release|Any CPU.ActiveCfg = Release|Any CPU
		{9085887E-09A7-4F39-BB7D-34D376E1654F}.Release|Any CPU.Build.0 = Release|Any CPU
		{9085887E-09A7-4F39-BB7D-34D376E1654F}.Release|Any CPU.Deploy.0 = Release|Any CPU
	EndGlobalSection
	GlobalSection(SolutionProperties) = preSolution
		HideSolutionNode = FALSE
	EndGlobalSection
	GlobalSection(ExtensibilityGlobals) = postSolution
		SolutionGuid = {D5EE8341-ABB5-44DE-A625-41259118B99F}
	EndGlobalSection
EndGlobal
